
Microsoft Visual Studio Solution File, Format Version 12.00
# Visual Studio Version 17
VisualStudioVersion = 17.13.35806.99 d17.13
MinimumVisualStudioVersion = 10.0.40219.1
Project("{FAE04EC0-301F-11D3-BF4B-00C04F79EFBC}") = "DesServer", "DesServer\DesServer.csproj", "{D7BE0731-E800-41F7-BD64-D3EEA6591F88}"
EndProject
Project("{FAE04EC0-301F-11D3-BF4B-00C04F79EFBC}") = "Shared", "Shared\Shared.csproj", "{4E63E282-A3D8-49BA-BBE7-C40C7552223D}"
EndProject
Global
	GlobalSection(SolutionConfigurationPlatforms) = preSolution
		Debug|Any CPU = Debug|Any CPU
		Release|Any CPU = Release|Any CPU
	EndGlobalSection
	GlobalSection(ProjectConfigurationPlatforms) = postSolution
		{D7BE0731-E800-41F7-BD64-D3EEA6591F88}.Debug|Any CPU.ActiveCfg = Debug|Any CPU
		{D7BE0731-E800-41F7-BD64-D3EEA6591F88}.Debug|Any CPU.Build.0 = Debug|Any CPU
		{D7BE0731-E800-41F7-BD64-D3EEA6591F88}.Release|Any CPU.ActiveCfg = Release|Any CPU
		{D7BE0731-E800-41F7-BD64-D3EEA6591F88}.Release|Any CPU.Build.0 = Release|Any CPU
		{4E63E282-A3D8-49BA-BBE7-C40C7552223D}.Debug|Any CPU.ActiveCfg = Debug|Any CPU
		{4E63E282-A3D8-49BA-BBE7-C40C7552223D}.Debug|Any CPU.Build.0 = Debug|Any CPU
		{4E63E282-A3D8-49BA-BBE7-C40C7552223D}.Release|Any CPU.ActiveCfg = Release|Any CPU
		{4E63E282-A3D8-49BA-BBE7-C40C7552223D}.Release|Any CPU.Build.0 = Release|Any CPU
	EndGlobalSection
	GlobalSection(SolutionProperties) = preSolution
		HideSolutionNode = FALSE
	EndGlobalSection
	GlobalSection(ExtensibilityGlobals) = postSolution
		SolutionGuid = {E5B30863-0FF3-43F1-B382-ADDCC2DE1357}
	EndGlobalSection
EndGlobal
